
Microsoft Visual Studio Solution File, Format Version 12.00
# Visual Studio 15
Project("{FAE04EC0-301F-11D3-BF4B-00C04F79EFBC}") = "Assembly-CSharp", "Assembly-CSharp.csproj", "{3FF164FA-79F4-E349-0741-DB938CBD94FE}"
EndProject
Project("{FAE04EC0-301F-11D3-BF4B-00C04F79EFBC}") = "Assembly-CSharp-firstpass", "Assembly-CSharp-firstpass.csproj", "{DBCD148B-4ACF-E094-4734-B800999AE6ED}"
EndProject
Project("{FAE04EC0-301F-11D3-BF4B-00C04F79EFBC}") = "Assembly-CSharp-Editor-firstpass", "Assembly-CSharp-Editor-firstpass.csproj", "{17B79B11-8F38-B579-76CB-2FE015D196C6}"
EndProject
Project("{FAE04EC0-301F-11D3-BF4B-00C04F79EFBC}") = "Assembly-CSharp-Editor", "Assembly-CSharp-Editor.csproj", "{8FA57D6A-400A-8238-E2E6-2C2E7C415CAF}"
EndProject
Global
	GlobalSection(SolutionConfigurationPlatforms) = preSolution
		Debug|Any CPU = Debug|Any CPU
		Release|Any CPU = Release|Any CPU
	EndGlobalSection
	GlobalSection(ProjectConfigurationPlatforms) = postSolution
		{3FF164FA-79F4-E349-0741-DB938CBD94FE}.Debug|Any CPU.ActiveCfg = Debug|Any CPU
		{3FF164FA-79F4-E349-0741-DB938CBD94FE}.Debug|Any CPU.Build.0 = Debug|Any CPU
		{3FF164FA-79F4-E349-0741-DB938CBD94FE}.Release|Any CPU.ActiveCfg = Release|Any CPU
		{3FF164FA-79F4-E349-0741-DB938CBD94FE}.Release|Any CPU.Build.0 = Release|Any CPU
		{DBCD148B-4ACF-E094-4734-B800999AE6ED}.Debug|Any CPU.ActiveCfg = Debug|Any CPU
		{DBCD148B-4ACF-E094-4734-B800999AE6ED}.Debug|Any CPU.Build.0 = Debug|Any CPU
		{DBCD148B-4ACF-E094-4734-B800999AE6ED}.Release|Any CPU.ActiveCfg = Release|Any CPU
		{DBCD148B-4ACF-E094-4734-B800999AE6ED}.Release|Any CPU.Build.0 = Release|Any CPU
		{17B79B11-8F38-B579-76CB-2FE015D196C6}.Debug|Any CPU.ActiveCfg = Debug|Any CPU
		{17B79B11-8F38-B579-76CB-2FE015D196C6}.Debug|Any CPU.Build.0 = Debug|Any CPU
		{17B79B11-8F38-B579-76CB-2FE015D196C6}.Release|Any CPU.ActiveCfg = Release|Any CPU
		{17B79B11-8F38-B579-76CB-2FE015D196C6}.Release|Any CPU.Build.0 = Release|Any CPU
		{8FA57D6A-400A-8238-E2E6-2C2E7C415CAF}.Debug|Any CPU.ActiveCfg = Debug|Any CPU
		{8FA57D6A-400A-8238-E2E6-2C2E7C415CAF}.Debug|Any CPU.Build.0 = Debug|Any CPU
		{8FA57D6A-400A-8238-E2E6-2C2E7C415CAF}.Release|Any CPU.ActiveCfg = Release|Any CPU
		{8FA57D6A-400A-8238-E2E6-2C2E7C415CAF}.Release|Any CPU.Build.0 = Release|Any CPU
	EndGlobalSection
	GlobalSection(SolutionProperties) = preSolution
		HideSolutionNode = FALSE
	EndGlobalSection
EndGlobal
